
Microsoft Visual Studio Solution File, Format Version 12.00
# Visual Studio Version 17
VisualStudioVersion = 17.7.34031.279
MinimumVisualStudioVersion = 10.0.40219.1
Project("{9A19103F-16F7-4668-BE54-9A1E7A4F7556}") = "Profile.WebApp", "src\Profile.WebApp\Profile.WebApp.csproj", "{87FAB23D-AAC1-4233-8B4E-CDE550985322}"
EndProject
Project("{FAE04EC0-301F-11D3-BF4B-00C04F79EFBC}") = "Profile.DocumentService", "src\Profile.DocumentService\Profile.DocumentService.csproj", "{8B8F7BEF-954F-44C3-8082-23A0CD4AEA50}"
EndProject
Global
	GlobalSection(SolutionConfigurationPlatforms) = preSolution
		Debug|Any CPU = Debug|Any CPU
		Release|Any CPU = Release|Any CPU
	EndGlobalSection
	GlobalSection(ProjectConfigurationPlatforms) = postSolution
		{87FAB23D-AAC1-4233-8B4E-CDE550985322}.Debug|Any CPU.ActiveCfg = Debug|Any CPU
		{87FAB23D-AAC1-4233-8B4E-CDE550985322}.Debug|Any CPU.Build.0 = Debug|Any CPU
		{87FAB23D-AAC1-4233-8B4E-CDE550985322}.Release|Any CPU.ActiveCfg = Release|Any CPU
		{87FAB23D-AAC1-4233-8B4E-CDE550985322}.Release|Any CPU.Build.0 = Release|Any CPU
		{8B8F7BEF-954F-44C3-8082-23A0CD4AEA50}.Debug|Any CPU.ActiveCfg = Debug|Any CPU
		{8B8F7BEF-954F-44C3-8082-23A0CD4AEA50}.Debug|Any CPU.Build.0 = Debug|Any CPU
		{8B8F7BEF-954F-44C3-8082-23A0CD4AEA50}.Release|Any CPU.ActiveCfg = Release|Any CPU
		{8B8F7BEF-954F-44C3-8082-23A0CD4AEA50}.Release|Any CPU.Build.0 = Release|Any CPU
	EndGlobalSection
	GlobalSection(SolutionProperties) = preSolution
		HideSolutionNode = FALSE
	EndGlobalSection
	GlobalSection(ExtensibilityGlobals) = postSolution
		SolutionGuid = {F535AC85-4CBC-45AA-89AF-1156736E40D0}
	EndGlobalSection
EndGlobal
